
Microsoft Visual Studio Solution File, Format Version 12.00
# Visual Studio Version 16
VisualStudioVersion = 16.0.30320.27
MinimumVisualStudioVersion = 10.0.40219.1
Project("{FAE04EC0-301F-11D3-BF4B-00C04F79EFBC}") = "BlogPreviewGenerator", "BlogPreviewGenerator\BlogPreviewGenerator.csproj", "{867107C4-1181-4298-BBF1-4D2BAF8884E9}"
EndProject
Global
	GlobalSection(SolutionConfigurationPlatforms) = preSolution
		Debug|Any CPU = Debug|Any CPU
		Release|Any CPU = Release|Any CPU
	EndGlobalSection
	GlobalSection(ProjectConfigurationPlatforms) = postSolution
		{867107C4-1181-4298-BBF1-4D2BAF8884E9}.Debug|Any CPU.ActiveCfg = Debug|Any CPU
		{867107C4-1181-4298-BBF1-4D2BAF8884E9}.Debug|Any CPU.Build.0 = Debug|Any CPU
		{867107C4-1181-4298-BBF1-4D2BAF8884E9}.Release|Any CPU.ActiveCfg = Release|Any CPU
		{867107C4-1181-4298-BBF1-4D2BAF8884E9}.Release|Any CPU.Build.0 = Release|Any CPU
	EndGlobalSection
	GlobalSection(SolutionProperties) = preSolution
		HideSolutionNode = FALSE
	EndGlobalSection
	GlobalSection(ExtensibilityGlobals) = postSolution
		SolutionGuid = {5FAAEFDD-52E1-4589-8F93-729719EDDCD2}
	EndGlobalSection
EndGlobal
